{
    "_readme": [
        "This file locks the dependencies of your project to a known state",
        "Read more about it at https://getcomposer.org/doc/01-basic-usage.md#composer-lock-the-lock-file",
        "This file is @generated automatically"
    ],
    "hash": "72afa252fd194edacb2612f4148a9b79",
    "packages": [
        {
            "name": "jyggen/curl",
            "version": "v4.0.0-RC1",
            "source": {
                "type": "git",
                "url": "https://github.com/jyggen/curl.git",
                "reference": "7aadcf0ea7679948091533a6a32b155e6494f374"
            },
            "dist": {
                "type": "zip",
                "url": "https://api.github.com/repos/jyggen/curl/zipball/7aadcf0ea7679948091533a6a32b155e6494f374",
                "reference": "7aadcf0ea7679948091533a6a32b155e6494f374",
                "shasum": ""
            },
            "require": {
                "ext-curl": "*",
                "php": ">=5.3.0",
                "symfony/http-foundation": "^2.0.5"
            },
            "require-dev": {
                "mockery/mockery": "~0.9",
                "phpunit/phpunit": "~4.0",
                "squizlabs/php_codesniffer": "~1.5"
            },
            "type": "library",
            "extra": {
                "branch-alias": {
                    "dev-master": "4.0-dev"
                }
            },
            "autoload": {
                "psr-4": {
                    "Jyggen\\Curl\\": "src",
                    "Jyggen\\Curl\\Tests\\": "tests"
                }
            },
            "notification-url": "https://packagist.org/downloads/",
            "license": [
                "MIT"
            ],
            "authors": [
                {
                    "name": "Jonas Stendahl",
                    "email": "jonas.stendahl@gmail.com",
                    "homepage": "http://jyggen.com/",
                    "role": "Developer"
                }
            ],
            "description": "A simple and lightweight cURL library with support for multiple requests in parallel.",
            "homepage": "https://github.com/jyggen/curl",
            "keywords": [
                "Multi-thread",
                "bot",
                "crawler",
                "curl",
                "http",
                "parallel",
                "request",
                "spider"
            ],
            "time": "2015-06-09 14:51:27"
        },
        {
            "name": "symfony/http-foundation",
            "version": "v2.7.1",
            "source": {
                "type": "git",
                "url": "https://github.com/symfony/HttpFoundation.git",
                "reference": "4f363c426b0ced57e3d14460022feb63937980ff"
            },
            "dist": {
                "type": "zip",
                "url": "https://api.github.com/repos/symfony/HttpFoundation/zipball/4f363c426b0ced57e3d14460022feb63937980ff",
                "reference": "4f363c426b0ced57e3d14460022feb63937980ff",
                "shasum": ""
            },
            "require": {
                "php": ">=5.3.9"
            },
            "require-dev": {
                "symfony/expression-language": "~2.4",
                "symfony/phpunit-bridge": "~2.7"
            },
            "type": "library",
            "extra": {
                "branch-alias": {
                    "dev-master": "2.7-dev"
                }
            },
            "autoload": {
                "psr-4": {
                    "Symfony\\Component\\HttpFoundation\\": ""
                },
                "classmap": [
                    "Resources/stubs"
                ]
            },
            "notification-url": "https://packagist.org/downloads/",
            "license": [
                "MIT"
            ],
            "authors": [
                {
                    "name": "Fabien Potencier",
                    "email": "fabien@symfony.com"
                },
                {
                    "name": "Symfony Community",
                    "homepage": "https://symfony.com/contributors"
                }
            ],
            "description": "Symfony HttpFoundation Component",
            "homepage": "https://symfony.com",
            "time": "2015-06-10 15:30:22"
        }
    ],
    "packages-dev": [],
    "aliases": [],
    "minimum-stability": "stable",
    "stability-flags": {
        "jyggen/curl": 5
    },
    "prefer-stable": false,
    "prefer-lowest": false,
    "platform": {
        "php": ">=5.5.9"
    },
    "platform-dev": []
}
